
Microsoft Visual Studio Solution File, Format Version 12.00
# Visual Studio Version 16
VisualStudioVersion = 16.0.29209.152
MinimumVisualStudioVersion = 10.0.40219.1
Project("{FAE04EC0-301F-11D3-BF4B-00C04F79EFBC}") = "RevShellService", "RevShellService.csproj", "{02D30D65-CC4B-4B1C-9DBE-0335B591634C}"
EndProject
Global
	GlobalSection(SolutionConfigurationPlatforms) = preSolution
		Debug|Any CPU = Debug|Any CPU
		Release|Any CPU = Release|Any CPU
	EndGlobalSection
	GlobalSection(ProjectConfigurationPlatforms) = postSolution
		{02D30D65-CC4B-4B1C-9DBE-0335B591634C}.Debug|Any CPU.ActiveCfg = Debug|Any CPU
		{02D30D65-CC4B-4B1C-9DBE-0335B591634C}.Debug|Any CPU.Build.0 = Debug|Any CPU
		{02D30D65-CC4B-4B1C-9DBE-0335B591634C}.Release|Any CPU.ActiveCfg = Release|Any CPU
		{02D30D65-CC4B-4B1C-9DBE-0335B591634C}.Release|Any CPU.Build.0 = Release|Any CPU
	EndGlobalSection
	GlobalSection(SolutionProperties) = preSolution
		HideSolutionNode = FALSE
	EndGlobalSection
	GlobalSection(ExtensibilityGlobals) = postSolution
		SolutionGuid = {229889CA-4DA5-4C64-B9BB-12A63537AD54}
	EndGlobalSection
EndGlobal
